// !$*UTF8*$!
{
	archiveVersion = 1;
	classes = {
	};
	objectVersion = 56;
	objects = {

/* Begin PBXBuildFile section */
		6568049A2A49D45200D4E382 /* KWKD_5App.swift in Sources */ = {isa = PBXBuildFile; fileRef = 656804992A49D45200D4E382 /* KWKD_5App.swift */; };
		6568049C2A49D45200D4E382 /* ContentView.swift in Sources */ = {isa = PBXBuildFile; fileRef = 6568049B2A49D45200D4E382 /* ContentView.swift */; };
		6568049E2A49D45400D4E382 /* Assets.xcassets in Resources */ = {isa = PBXBuildFile; fileRef = 6568049D2A49D45400D4E382 /* Assets.xcassets */; };
		656804A12A49D45400D4E382 /* Preview Assets.xcassets in Resources */ = {isa = PBXBuildFile; fileRef = 656804A02A49D45400D4E382 /* Preview Assets.xcassets */; };
		656804AB2A49D45400D4E382 /* KWKD_5Tests.swift in Sources */ = {isa = PBXBuildFile; fileRef = 656804AA2A49D45400D4E382 /* KWKD_5Tests.swift */; };
		656804B52A49D45400D4E382 /* KWKD_5UITests.swift in Sources */ = {isa = PBXBuildFile; fileRef = 656804B42A49D45400D4E382 /* KWKD_5UITests.swift */; };
		656804B72A49D45400D4E382 /* KWKD_5UITestsLaunchTests.swift in Sources */ = {isa = PBXBuildFile; fileRef = 656804B62A49D45400D4E382 /* KWKD_5UITestsLaunchTests.swift */; };
/* End PBXBuildFile section */

/* Begin PBXContainerItemProxy section */
		656804A72A49D45400D4E382 /* PBXContainerItemProxy */ = {
			isa = PBXContainerItemProxy;
			containerPortal = 6568048E2A49D45200D4E382 /* Project object */;
			proxyType = 1;
			remoteGlobalIDString = 656804952A49D45200D4E382;
			remoteInfo = "KWKD-5";
		};
		656804B12A49D45400D4E382 /* PBXContainerItemProxy */ = {
			isa = PBXContainerItemProxy;
			containerPortal = 6568048E2A49D45200D4E382 /* Project object */;
			proxyType = 1;
			remoteGlobalIDString = 656804952A49D45200D4E382;
			remoteInfo = "KWKD-5";
		};
/* End PBXContainerItemProxy section */

/* Begin PBXFileReference section */
		656804962A49D45200D4E382 /* KWKD-5.app */ = {isa = PBXFileReference; explicitFileType = wrapper.application; includeInIndex = 0; path = "KWKD-5.app"; sourceTree = BUILT_PRODUCTS_DIR; };
		656804992A49D45200D4E382 /* KWKD_5App.swift */ = {isa = PBXFileReference; lastKnownFileType = sourcecode.swift; path = KWKD_5App.swift; sourceTree = "<group>"; };
		6568049B2A49D45200D4E382 /* ContentView.swift */ = {isa = PBXFileReference; lastKnownFileType = sourcecode.swift; path = ContentView.swift; sourceTree = "<group>"; };
		6568049D2A49D45400D4E382 /* Assets.xcassets */ = {isa = PBXFileReference; lastKnownFileType = folder.assetcatalog; path = Assets.xcassets; sourceTree = "<group>"; };
		656804A02A49D45400D4E382 /* Preview Assets.xcassets */ = {isa = PBXFileReference; lastKnownFileType = folder.assetcatalog; path = "Preview Assets.xcassets"; sourceTree = "<group>"; };
		656804A62A49D45400D4E382 /* KWKD-5Tests.xctest */ = {isa = PBXFileReference; explicitFileType = wrapper.cfbundle; includeInIndex = 0; path = "KWKD-5Tests.xctest"; sourceTree = BUILT_PRODUCTS_DIR; };
		656804AA2A49D45400D4E382 /* KWKD_5Tests.swift */ = {isa = PBXFileReference; lastKnownFileType = sourcecode.swift; path = KWKD_5Tests.swift; sourceTree = "<group>"; };
		656804B02A49D45400D4E382 /* KWKD-5UITests.xctest */ = {isa = PBXFileReference; explicitFileType = wrapper.cfbundle; includeInIndex = 0; path = "KWKD-5UITests.xctest"; sourceTree = BUILT_PRODUCTS_DIR; };
		656804B42A49D45400D4E382 /* KWKD_5UITests.swift */ = {isa = PBXFileReference; lastKnownFileType = sourcecode.swift; path = KWKD_5UITests.swift; sourceTree = "<group>"; };
		656804B62A49D45400D4E382 /* KWKD_5UITestsLaunchTests.swift */ = {isa = PBXFileReference; lastKnownFileType = sourcecode.swift; path = KWKD_5UITestsLaunchTests.swift; sourceTree = "<group>"; };
/* End PBXFileReference section */

/* Begin PBXFrameworksBuildPhase section */
		656804932A49D45200D4E382 /* Frameworks */ = {
			isa = PBXFrameworksBuildPhase;
			buildActionMask = 2147483647;
			files = (
			);
			runOnlyForDeploymentPostprocessing = 0;
		};
		656804A32A49D45400D4E382 /* Frameworks */ = {
			isa = PBXFrameworksBuildPhase;
			buildActionMask = 2147483647;
			files = (
			);
			runOnlyForDeploymentPostprocessing = 0;
		};
		656804AD2A49D45400D4E382 /* Frameworks */ = {
			isa = PBXFrameworksBuildPhase;
			buildActionMask = 2147483647;
			files = (
			);
			runOnlyForDeploymentPostprocessing = 0;
		};
/* End PBXFrameworksBuildPhase section */

/* Begin PBXGroup section */
		6568048D2A49D45200D4E382 = {
			isa = PBXGroup;
			children = (
				656804982A49D45200D4E382 /* KWKD-5 */,
				656804A92A49D45400D4E382 /* KWKD-5Tests */,
				656804B32A49D45400D4E382 /* KWKD-5UITests */,
				656804972A49D45200D4E382 /* Products */,
			);
			sourceTree = "<group>";
		};
		656804972A49D45200D4E382 /* Products */ = {
			isa = PBXGroup;
			children = (
				656804962A49D45200D4E382 /* KWKD-5.app */,
				656804A62A49D45400D4E382 /* KWKD-5Tests.xctest */,
				656804B02A49D45400D4E382 /* KWKD-5UITests.xctest */,
			);
			name = Products;
			sourceTree = "<group>";
		};
		656804982A49D45200D4E382 /* KWKD-5 */ = {
			isa = PBXGroup;
			children = (
				656804992A49D45200D4E382 /* KWKD_5App.swift */,
				6568049B2A49D45200D4E382 /* ContentView.swift */,
				6568049D2A49D45400D4E382 /* Assets.xcassets */,
				6568049F2A49D45400D4E382 /* Preview Content */,
			);
			path = "KWKD-5";
			sourceTree = "<group>";
		};
		6568049F2A49D45400D4E382 /* Preview Content */ = {
			isa = PBXGroup;
			children = (
				656804A02A49D45400D4E382 /* Preview Assets.xcassets */,
			);
			path = "Preview Content";
			sourceTree = "<group>";
		};
		656804A92A49D45400D4E382 /* KWKD-5Tests */ = {
			isa = PBXGroup;
			children = (
				656804AA2A49D45400D4E382 /* KWKD_5Tests.swift */,
			);
			path = "KWKD-5Tests";
			sourceTree = "<group>";
		};
		656804B32A49D45400D4E382 /* KWKD-5UITests */ = {
			isa = PBXGroup;
			children = (
				656804B42A49D45400D4E382 /* KWKD_5UITests.swift */,
				656804B62A49D45400D4E382 /* KWKD_5UITestsLaunchTests.swift */,
			);
			path = "KWKD-5UITests";
			sourceTree = "<group>";
		};
/* End PBXGroup section */

/* Begin PBXNativeTarget section */
		656804952A49D45200D4E382 /* KWKD-5 */ = {
			isa = PBXNativeTarget;
			buildConfigurationList = 656804BA2A49D45400D4E382 /* Build configuration list for PBXNativeTarget "KWKD-5" */;
			buildPhases = (
				656804922A49D45200D4E382 /* Sources */,
				656804932A49D45200D4E382 /* Frameworks */,
				656804942A49D45200D4E382 /* Resources */,
			);
			buildRules = (
			);
			dependencies = (
			);
			name = "KWKD-5";
			productName = "KWKD-5";
			productReference = 656804962A49D45200D4E382 /* KWKD-5.app */;
			productType = "com.apple.product-type.application";
		};
		656804A52A49D45400D4E382 /* KWKD-5Tests */ = {
			isa = PBXNativeTarget;
			buildConfigurationList = 656804BD2A49D45400D4E382 /* Build configuration list for PBXNativeTarget "KWKD-5Tests" */;
			buildPhases = (
				656804A22A49D45400D4E382 /* Sources */,
				656804A32A49D45400D4E382 /* Frameworks */,
				656804A42A49D45400D4E382 /* Resources */,
			);
			buildRules = (
			);
			dependencies = (
				656804A82A49D45400D4E382 /* PBXTargetDependency */,
			);
			name = "KWKD-5Tests";
			productName = "KWKD-5Tests";
			productReference = 656804A62A49D45400D4E382 /* KWKD-5Tests.xctest */;
			productType = "com.apple.product-type.bundle.unit-test";
		};
		656804AF2A49D45400D4E382 /* KWKD-5UITests */ = {
			isa = PBXNativeTarget;
			buildConfigurationList = 656804C02A49D45400D4E382 /* Build configuration list for PBXNativeTarget "KWKD-5UITests" */;
			buildPhases = (
				656804AC2A49D45400D4E382 /* Sources */,
				656804AD2A49D45400D4E382 /* Frameworks */,
				656804AE2A49D45400D4E382 /* Resources */,
			);
			buildRules = (
			);
			dependencies = (
				656804B22A49D45400D4E382 /* PBXTargetDependency */,
			);
			name = "KWKD-5UITests";
			productName = "KWKD-5UITests";
			productReference = 656804B02A49D45400D4E382 /* KWKD-5UITests.xctest */;
			productType = "com.apple.product-type.bundle.ui-testing";
		};
/* End PBXNativeTarget section */

/* Begin PBXProject section */
		6568048E2A49D45200D4E382 /* Project object */ = {
			isa = PBXProject;
			attributes = {
				BuildIndependentTargetsInParallel = 1;
				LastSwiftUpdateCheck = 1430;
				LastUpgradeCheck = 1430;
				TargetAttributes = {
					656804952A49D45200D4E382 = {
						CreatedOnToolsVersion = 14.3;
					};
					656804A52A49D45400D4E382 = {
						CreatedOnToolsVersion = 14.3;
						TestTargetID = 656804952A49D45200D4E382;
					};
					656804AF2A49D45400D4E382 = {
						CreatedOnToolsVersion = 14.3;
						TestTargetID = 656804952A49D45200D4E382;
					};
				};
			};
			buildConfigurationList = 656804912A49D45200D4E382 /* Build configuration list for PBXProject "KWKD-5" */;
			compatibilityVersion = "Xcode 14.0";
			developmentRegion = en;
			hasScannedForEncodings = 0;
			knownRegions = (
				en,
				Base,
			);
			mainGroup = 6568048D2A49D45200D4E382;
			productRefGroup = 656804972A49D45200D4E382 /* Products */;
			projectDirPath = "";
			projectRoot = "";
			targets = (
				656804952A49D45200D4E382 /* KWKD-5 */,
				656804A52A49D45400D4E382 /* KWKD-5Tests */,
				656804AF2A49D45400D4E382 /* KWKD-5UITests */,
			);
		};
/* End PBXProject section */

/* Begin PBXResourcesBuildPhase section */
		656804942A49D45200D4E382 /* Resources */ = {
			isa = PBXResourcesBuildPhase;
			buildActionMask = 2147483647;
			files = (
				656804A12A49D45400D4E382 /* Preview Assets.xcassets in Resources */,
				6568049E2A49D45400D4E382 /* Assets.xcassets in Resources */,
			);
			runOnlyForDeploymentPostprocessing = 0;
		};
		656804A42A49D45400D4E382 /* Resources */ = {
			isa = PBXResourcesBuildPhase;
			buildActionMask = 2147483647;
			files = (
			);
			runOnlyForDeploymentPostprocessing = 0;
		};
		656804AE2A49D45400D4E382 /* Resources */ = {
			isa = PBXResourcesBuildPhase;
			buildActionMask = 2147483647;
			files = (
			);
			runOnlyForDeploymentPostprocessing = 0;
		};
/* End PBXResourcesBuildPhase section */

/* Begin PBXSourcesBuildPhase section */
		656804922A49D45200D4E382 /* Sources */ = {
			isa = PBXSourcesBuildPhase;
			buildActionMask = 2147483647;
			files = (
				6568049C2A49D45200D4E382 /* ContentView.swift in Sources */,
				6568049A2A49D45200D4E382 /* KWKD_5App.swift in Sources */,
			);
			runOnlyForDeploymentPostprocessing = 0;
		};
		656804A22A49D45400D4E382 /* Sources */ = {
			isa = PBXSourcesBuildPhase;
			buildActionMask = 2147483647;
			files = (
				656804AB2A49D45400D4E382 /* KWKD_5Tests.swift in Sources */,
			);
			runOnlyForDeploymentPostprocessing = 0;
		};
		656804AC2A49D45400D4E382 /* Sources */ = {
			isa = PBXSourcesBuildPhase;
			buildActionMask = 2147483647;
			files = (
				656804B52A49D45400D4E382 /* KWKD_5UITests.swift in Sources */,
				656804B72A49D45400D4E382 /* KWKD_5UITestsLaunchTests.swift in Sources */,
			);
			runOnlyForDeploymentPostprocessing = 0;
		};
/* End PBXSourcesBuildPhase section */

/* Begin PBXTargetDependency section */
		656804A82A49D45400D4E382 /* PBXTargetDependency */ = {
			isa = PBXTargetDependency;
			target = 656804952A49D45200D4E382 /* KWKD-5 */;
			targetProxy = 656804A72A49D45400D4E382 /* PBXContainerItemProxy */;
		};
		656804B22A49D45400D4E382 /* PBXTargetDependency */ = {
			isa = PBXTargetDependency;
			target = 656804952A49D45200D4E382 /* KWKD-5 */;
			targetProxy = 656804B12A49D45400D4E382 /* PBXContainerItemProxy */;
		};
/* End PBXTargetDependency section */

/* Begin XCBuildConfiguration section */
		656804B82A49D45400D4E382 /* Debug */ = {
			isa = XCBuildConfiguration;
			buildSettings = {
				ALWAYS_SEARCH_USER_PATHS = NO;
				CLANG_ANALYZER_NONNULL = YES;
				CLANG_ANALYZER_NUMBER_OBJECT_CONVERSION = YES_AGGRESSIVE;
				CLANG_CXX_LANGUAGE_STANDARD = "gnu++20";
				CLANG_ENABLE_MODULES = YES;
				CLANG_ENABLE_OBJC_ARC = YES;
				CLANG_ENABLE_OBJC_WEAK = YES;
				CLANG_WARN_BLOCK_CAPTURE_AUTORELEASING = YES;
				CLANG_WARN_BOOL_CONVERSION = YES;
				CLANG_WARN_COMMA = YES;
				CLANG_WARN_CONSTANT_CONVERSION = YES;
				CLANG_WARN_DEPRECATED_OBJC_IMPLEMENTATIONS = YES;
				CLANG_WARN_DIRECT_OBJC_ISA_USAGE = YES_ERROR;
				CLANG_WARN_DOCUMENTATION_COMMENTS = YES;
				CLANG_WARN_EMPTY_BODY = YES;
				CLANG_WARN_ENUM_CONVERSION = YES;
				CLANG_WARN_INFINITE_RECURSION = YES;
				CLANG_WARN_INT_CONVERSION = YES;
				CLANG_WARN_NON_LITERAL_NULL_CONVERSION = YES;
				CLANG_WARN_OBJC_IMPLICIT_RETAIN_SELF = YES;
				CLANG_WARN_OBJC_LITERAL_CONVERSION = YES;
				CLANG_WARN_OBJC_ROOT_CLASS = YES_ERROR;
				CLANG_WARN_QUOTED_INCLUDE_IN_FRAMEWORK_HEADER = YES;
				CLANG_WARN_RANGE_LOOP_ANALYSIS = YES;
				CLANG_WARN_STRICT_PROTOTYPES = YES;
				CLANG_WARN_SUSPICIOUS_MOVE = YES;
				CLANG_WARN_UNGUARDED_AVAILABILITY = YES_AGGRESSIVE;
				CLANG_WARN_UNREACHABLE_CODE = YES;
				CLANG_WARN__DUPLICATE_METHOD_MATCH = YES;
				COPY_PHASE_STRIP = NO;
				DEBUG_INFORMATION_FORMAT = dwarf;
				ENABLE_STRICT_OBJC_MSGSEND = YES;
				ENABLE_TESTABILITY = YES;
				GCC_C_LANGUAGE_STANDARD = gnu11;
				GCC_DYNAMIC_NO_PIC = NO;
				GCC_NO_COMMON_BLOCKS = YES;
				GCC_OPTIMIZATION_LEVEL = 0;
				GCC_PREPROCESSOR_DEFINITIONS = (
					"DEBUG=1",
					"$(inherited)",
				);
				GCC_WARN_64_TO_32_BIT_CONVERSION = YES;
				GCC_WARN_ABOUT_RETURN_TYPE = YES_ERROR;
				GCC_WARN_UNDECLARED_SELECTOR = YES;
				GCC_WARN_UNINITIALIZED_AUTOS = YES_AGGRESSIVE;
				GCC_WARN_UNUSED_FUNCTION = YES;
				GCC_WARN_UNUSED_VARIABLE = YES;
				IPHONEOS_DEPLOYMENT_TARGET = 16.4;
				MTL_ENABLE_DEBUG_INFO = INCLUDE_SOURCE;
				MTL_FAST_MATH = YES;
				ONLY_ACTIVE_ARCH = YES;
				SDKROOT = iphoneos;
				SWIFT_ACTIVE_COMPILATION_CONDITIONS = DEBUG;
				SWIFT_OPTIMIZATION_LEVEL = "-Onone";
			};
			name = Debug;
		};
		656804B92A49D45400D4E382 /* Release */ = {
			isa = XCBuildConfiguration;
			buildSettings = {
				ALWAYS_SEARCH_USER_PATHS = NO;
				CLANG_ANALYZER_NONNULL = YES;
				CLANG_ANALYZER_NUMBER_OBJECT_CONVERSION = YES_AGGRESSIVE;
				CLANG_CXX_LANGUAGE_STANDARD = "gnu++20";
				CLANG_ENABLE_MODULES = YES;
				CLANG_ENABLE_OBJC_ARC = YES;
				CLANG_ENABLE_OBJC_WEAK = YES;
				CLANG_WARN_BLOCK_CAPTURE_AUTORELEASING = YES;
				CLANG_WARN_BOOL_CONVERSION = YES;
				CLANG_WARN_COMMA = YES;
				CLANG_WARN_CONSTANT_CONVERSION = YES;
				CLANG_WARN_DEPRECATED_OBJC_IMPLEMENTATIONS = YES;
				CLANG_WARN_DIRECT_OBJC_ISA_USAGE = YES_ERROR;
				CLANG_WARN_DOCUMENTATION_COMMENTS = YES;
				CLANG_WARN_EMPTY_BODY = YES;
				CLANG_WARN_ENUM_CONVERSION = YES;
				CLANG_WARN_INFINITE_RECURSION = YES;
				CLANG_WARN_INT_CONVERSION = YES;
				CLANG_WARN_NON_LITERAL_NULL_CONVERSION = YES;
				CLANG_WARN_OBJC_IMPLICIT_RETAIN_SELF = YES;
				CLANG_WARN_OBJC_LITERAL_CONVERSION = YES;
				CLANG_WARN_OBJC_ROOT_CLASS = YES_ERROR;
				CLANG_WARN_QUOTED_INCLUDE_IN_FRAMEWORK_HEADER = YES;
				CLANG_WARN_RANGE_LOOP_ANALYSIS = YES;
				CLANG_WARN_STRICT_PROTOTYPES = YES;
				CLANG_WARN_SUSPICIOUS_MOVE = YES;
				CLANG_WARN_UNGUARDED_AVAILABILITY = YES_AGGRESSIVE;
				CLANG_WARN_UNREACHABLE_CODE = YES;
				CLANG_WARN__DUPLICATE_METHOD_MATCH = YES;
				COPY_PHASE_STRIP = NO;
				DEBUG_INFORMATION_FORMAT = "dwarf-with-dsym";
				ENABLE_NS_ASSERTIONS = NO;
				ENABLE_STRICT_OBJC_MSGSEND = YES;
				GCC_C_LANGUAGE_STANDARD = gnu11;
				GCC_NO_COMMON_BLOCKS = YES;
				GCC_WARN_64_TO_32_BIT_CONVERSION = YES;
				GCC_WARN_ABOUT_RETURN_TYPE = YES_ERROR;
				GCC_WARN_UNDECLARED_SELECTOR = YES;
				GCC_WARN_UNINITIALIZED_AUTOS = YES_AGGRESSIVE;
				GCC_WARN_UNUSED_FUNCTION = YES;
				GCC_WARN_UNUSED_VARIABLE = YES;
				IPHONEOS_DEPLOYMENT_TARGET = 16.4;
				MTL_ENABLE_DEBUG_INFO = NO;
				MTL_FAST_MATH = YES;
				SDKROOT = iphoneos;
				SWIFT_COMPILATION_MODE = wholemodule;
				SWIFT_OPTIMIZATION_LEVEL = "-O";
				VALIDATE_PRODUCT = YES;
			};
			name = Release;
		};
		656804BB2A49D45400D4E382 /* Debug */ = {
			isa = XCBuildConfiguration;
			buildSettings = {
				ASSETCATALOG_COMPILER_APPICON_NAME = AppIcon;
				ASSETCATALOG_COMPILER_GLOBAL_ACCENT_COLOR_NAME = AccentColor;
				CODE_SIGN_STYLE = Automatic;
				CURRENT_PROJECT_VERSION = 1;
				DEVELOPMENT_ASSET_PATHS = "\"KWKD-5/Preview Content\"";
				DEVELOPMENT_TEAM = 4YRA3D9YHC;
				ENABLE_PREVIEWS = YES;
				GENERATE_INFOPLIST_FILE = YES;
				INFOPLIST_KEY_UIApplicationSceneManifest_Generation = YES;
				INFOPLIST_KEY_UIApplicationSupportsIndirectInputEvents = YES;
				INFOPLIST_KEY_UILaunchScreen_Generation = YES;
				INFOPLIST_KEY_UISupportedInterfaceOrientations_iPad = "UIInterfaceOrientationPortrait UIInterfaceOrientationPortraitUpsideDown UIInterfaceOrientationLandscapeLeft UIInterfaceOrientationLandscapeRight";
				INFOPLIST_KEY_UISupportedInterfaceOrientations_iPhone = "UIInterfaceOrientationPortrait UIInterfaceOrientationLandscapeLeft UIInterfaceOrientationLandscapeRight";
				LD_RUNPATH_SEARCH_PATHS = (
					"$(inherited)",
					"@executable_path/Frameworks",
				);
				MARKETING_VERSION = 1.0;
				PRODUCT_BUNDLE_IDENTIFIER = "kwk.KWKD-5";
				PRODUCT_NAME = "$(TARGET_NAME)";
				SWIFT_EMIT_LOC_STRINGS = YES;
				SWIFT_VERSION = 5.0;
				TARGETED_DEVICE_FAMILY = "1,2";
			};
			name = Debug;
		};
		656804BC2A49D45400D4E382 /* Release */ = {
			isa = XCBuildConfiguration;
			buildSettings = {
				ASSETCATALOG_COMPILER_APPICON_NAME = AppIcon;
				ASSETCATALOG_COMPILER_GLOBAL_ACCENT_COLOR_NAME = AccentColor;
				CODE_SIGN_STYLE = Automatic;
				CURRENT_PROJECT_VERSION = 1;
				DEVELOPMENT_ASSET_PATHS = "\"KWKD-5/Preview Content\"";
				DEVELOPMENT_TEAM = 4YRA3D9YHC;
				ENABLE_PREVIEWS = YES;
				GENERATE_INFOPLIST_FILE = YES;
				INFOPLIST_KEY_UIApplicationSceneManifest_Generation = YES;
				INFOPLIST_KEY_UIApplicationSupportsIndirectInputEvents = YES;
				INFOPLIST_KEY_UILaunchScreen_Generation = YES;
				INFOPLIST_KEY_UISupportedInterfaceOrientations_iPad = "UIInterfaceOrientationPortrait UIInterfaceOrientationPortraitUpsideDown UIInterfaceOrientationLandscapeLeft UIInterfaceOrientationLandscapeRight";
				INFOPLIST_KEY_UISupportedInterfaceOrientations_iPhone = "UIInterfaceOrientationPortrait UIInterfaceOrientationLandscapeLeft UIInterfaceOrientationLandscapeRight";
				LD_RUNPATH_SEARCH_PATHS = (
					"$(inherited)",
					"@executable_path/Frameworks",
				);
				MARKETING_VERSION = 1.0;
				PRODUCT_BUNDLE_IDENTIFIER = "kwk.KWKD-5";
				PRODUCT_NAME = "$(TARGET_NAME)";
				SWIFT_EMIT_LOC_STRINGS = YES;
				SWIFT_VERSION = 5.0;
				TARGETED_DEVICE_FAMILY = "1,2";
			};
			name = Release;
		};
		656804BE2A49D45400D4E382 /* Debug */ = {
			isa = XCBuildConfiguration;
			buildSettings = {
				ALWAYS_EMBED_SWIFT_STANDARD_LIBRARIES = YES;
				BUNDLE_LOADER = "$(TEST_HOST)";
				CODE_SIGN_STYLE = Automatic;
				CURRENT_PROJECT_VERSION = 1;
				DEVELOPMENT_TEAM = 4YRA3D9YHC;
				GENERATE_INFOPLIST_FILE = YES;
				IPHONEOS_DEPLOYMENT_TARGET = 16.4;
				MARKETING_VERSION = 1.0;
				PRODUCT_BUNDLE_IDENTIFIER = "kwk.KWKD-5Tests";
				PRODUCT_NAME = "$(TARGET_NAME)";
				SWIFT_EMIT_LOC_STRINGS = NO;
				SWIFT_VERSION = 5.0;
				TARGETED_DEVICE_FAMILY = "1,2";
				TEST_HOST = "$(BUILT_PRODUCTS_DIR)/KWKD-5.app/$(BUNDLE_EXECUTABLE_FOLDER_PATH)/KWKD-5";
			};
			name = Debug;
		};
		656804BF2A49D45400D4E382 /* Release */ = {
			isa = XCBuildConfiguration;
			buildSettings = {
				ALWAYS_EMBED_SWIFT_STANDARD_LIBRARIES = YES;
				BUNDLE_LOADER = "$(TEST_HOST)";
				CODE_SIGN_STYLE = Automatic;
				CURRENT_PROJECT_VERSION = 1;
				DEVELOPMENT_TEAM = 4YRA3D9YHC;
				GENERATE_INFOPLIST_FILE = YES;
				IPHONEOS_DEPLOYMENT_TARGET = 16.4;
				MARKETING_VERSION = 1.0;
				PRODUCT_BUNDLE_IDENTIFIER = "kwk.KWKD-5Tests";
				PRODUCT_NAME = "$(TARGET_NAME)";
				SWIFT_EMIT_LOC_STRINGS = NO;
				SWIFT_VERSION = 5.0;
				TARGETED_DEVICE_FAMILY = "1,2";
				TEST_HOST = "$(BUILT_PRODUCTS_DIR)/KWKD-5.app/$(BUNDLE_EXECUTABLE_FOLDER_PATH)/KWKD-5";
			};
			name = Release;
		};
		656804C12A49D45400D4E382 /* Debug */ = {
			isa = XCBuildConfiguration;
			buildSettings = {
				ALWAYS_EMBED_SWIFT_STANDARD_LIBRARIES = YES;
				CODE_SIGN_STYLE = Automatic;
				CURRENT_PROJECT_VERSION = 1;
				DEVELOPMENT_TEAM = 4YRA3D9YHC;
				GENERATE_INFOPLIST_FILE = YES;
				MARKETING_VERSION = 1.0;
				PRODUCT_BUNDLE_IDENTIFIER = "kwk.KWKD-5UITests";
				PRODUCT_NAME = "$(TARGET_NAME)";
				SWIFT_EMIT_LOC_STRINGS = NO;
				SWIFT_VERSION = 5.0;
				TARGETED_DEVICE_FAMILY = "1,2";
				TEST_TARGET_NAME = "KWKD-5";
			};
			name = Debug;
		};
		656804C22A49D45400D4E382 /* Release */ = {
			isa = XCBuildConfiguration;
			buildSettings = {
				ALWAYS_EMBED_SWIFT_STANDARD_LIBRARIES = YES;
				CODE_SIGN_STYLE = Automatic;
				CURRENT_PROJECT_VERSION = 1;
				DEVELOPMENT_TEAM = 4YRA3D9YHC;
				GENERATE_INFOPLIST_FILE = YES;
				MARKETING_VERSION = 1.0;
				PRODUCT_BUNDLE_IDENTIFIER = "kwk.KWKD-5UITests";
				PRODUCT_NAME = "$(TARGET_NAME)";
				SWIFT_EMIT_LOC_STRINGS = NO;
				SWIFT_VERSION = 5.0;
				TARGETED_DEVICE_FAMILY = "1,2";
				TEST_TARGET_NAME = "KWKD-5";
			};
			name = Release;
		};
/* End XCBuildConfiguration section */

/* Begin XCConfigurationList section */
		656804912A49D45200D4E382 /* Build configuration list for PBXProject "KWKD-5" */ = {
			isa = XCConfigurationList;
			buildConfigurations = (
				656804B82A49D45400D4E382 /* Debug */,
				656804B92A49D45400D4E382 /* Release */,
			);
			defaultConfigurationIsVisible = 0;
			defaultConfigurationName = Release;
		};
		656804BA2A49D45400D4E382 /* Build configuration list for PBXNativeTarget "KWKD-5" */ = {
			isa = XCConfigurationList;
			buildConfigurations = (
				656804BB2A49D45400D4E382 /* Debug */,
				656804BC2A49D45400D4E382 /* Release */,
			);
			defaultConfigurationIsVisible = 0;
			defaultConfigurationName = Release;
		};
		656804BD2A49D45400D4E382 /* Build configuration list for PBXNativeTarget "KWKD-5Tests" */ = {
			isa = XCConfigurationList;
			buildConfigurations = (
				656804BE2A49D45400D4E382 /* Debug */,
				656804BF2A49D45400D4E382 /* Release */,
			);
			defaultConfigurationIsVisible = 0;
			defaultConfigurationName = Release;
		};
		656804C02A49D45400D4E382 /* Build configuration list for PBXNativeTarget "KWKD-5UITests" */ = {
			isa = XCConfigurationList;
			buildConfigurations = (
				656804C12A49D45400D4E382 /* Debug */,
				656804C22A49D45400D4E382 /* Release */,
			);
			defaultConfigurationIsVisible = 0;
			defaultConfigurationName = Release;
		};
/* End XCConfigurationList section */
	};
	rootObject = 6568048E2A49D45200D4E382 /* Project object */;
}
